
Microsoft Visual Studio Solution File, Format Version 12.00
# Visual Studio Version 17
VisualStudioVersion = 17.14.36518.9 d17.14
MinimumVisualStudioVersion = 10.0.40219.1
Project("{FAE04EC0-301F-11D3-BF4B-00C04F79EFBC}") = "PROG7312-POEPART2", "PROG7312-POEPART2.csproj", "{96A4F02D-8E83-4A2F-8AC5-7177ABAD6114}"
EndProject
Global
	GlobalSection(SolutionConfigurationPlatforms) = preSolution
		Debug|Any CPU = Debug|Any CPU
		Release|Any CPU = Release|Any CPU
	EndGlobalSection
	GlobalSection(ProjectConfigurationPlatforms) = postSolution
		{96A4F02D-8E83-4A2F-8AC5-7177ABAD6114}.Debug|Any CPU.ActiveCfg = Debug|Any CPU
		{96A4F02D-8E83-4A2F-8AC5-7177ABAD6114}.Debug|Any CPU.Build.0 = Debug|Any CPU
		{96A4F02D-8E83-4A2F-8AC5-7177ABAD6114}.Release|Any CPU.ActiveCfg = Release|Any CPU
		{96A4F02D-8E83-4A2F-8AC5-7177ABAD6114}.Release|Any CPU.Build.0 = Release|Any CPU
	EndGlobalSection
	GlobalSection(SolutionProperties) = preSolution
		HideSolutionNode = FALSE
	EndGlobalSection
	GlobalSection(ExtensibilityGlobals) = postSolution
		SolutionGuid = {65B842C5-C9CC-4A3E-9B65-8D6DE3A32E90}
	EndGlobalSection
EndGlobal
